
Microsoft Visual Studio Solution File, Format Version 12.00
# Visual Studio 14
VisualStudioVersion = 14.0.24720.0
MinimumVisualStudioVersion = 10.0.40219.1
Project("{FAE04EC0-301F-11D3-BF4B-00C04F79EFBC}") = "BidAskBox.Demo", "Source\BidAskBox.Demo\BidAskBox.Demo.csproj", "{253165BF-E69B-4049-9EAA-F79419FF4819}"
EndProject
Project("{FAE04EC0-301F-11D3-BF4B-00C04F79EFBC}") = "BidAskBox.Library", "Source\BidAskBox.Library\BidAskBox.Library.csproj", "{2E4739AB-6182-447B-946A-419B04C6BD34}"
EndProject
Global
	GlobalSection(SolutionConfigurationPlatforms) = preSolution
		Debug|Any CPU = Debug|Any CPU
		Release|Any CPU = Release|Any CPU
	EndGlobalSection
	GlobalSection(ProjectConfigurationPlatforms) = postSolution
		{253165BF-E69B-4049-9EAA-F79419FF4819}.Debug|Any CPU.ActiveCfg = Debug|Any CPU
		{253165BF-E69B-4049-9EAA-F79419FF4819}.Debug|Any CPU.Build.0 = Debug|Any CPU
		{253165BF-E69B-4049-9EAA-F79419FF4819}.Release|Any CPU.ActiveCfg = Release|Any CPU
		{253165BF-E69B-4049-9EAA-F79419FF4819}.Release|Any CPU.Build.0 = Release|Any CPU
		{2E4739AB-6182-447B-946A-419B04C6BD34}.Debug|Any CPU.ActiveCfg = Debug|Any CPU
		{2E4739AB-6182-447B-946A-419B04C6BD34}.Debug|Any CPU.Build.0 = Debug|Any CPU
		{2E4739AB-6182-447B-946A-419B04C6BD34}.Release|Any CPU.ActiveCfg = Release|Any CPU
		{2E4739AB-6182-447B-946A-419B04C6BD34}.Release|Any CPU.Build.0 = Release|Any CPU
	EndGlobalSection
	GlobalSection(SolutionProperties) = preSolution
		HideSolutionNode = FALSE
	EndGlobalSection
EndGlobal
